
Microsoft Visual Studio Solution File, Format Version 12.00
# Visual Studio 15
VisualStudioVersion = 15.0.28307.168
MinimumVisualStudioVersion = 10.0.40219.1
Project("{888888A0-9F3D-457C-B088-3A5042F75D52}") = "test4py", "test4py\test4py.pyproj", "{14F56971-23DA-48C9-BA24-8C8303641236}"
EndProject
Global
	GlobalSection(SolutionConfigurationPlatforms) = preSolution
		Debug|Any CPU = Debug|Any CPU
		Release|Any CPU = Release|Any CPU
	EndGlobalSection
	GlobalSection(ProjectConfigurationPlatforms) = postSolution
		{14F56971-23DA-48C9-BA24-8C8303641236}.Debug|Any CPU.ActiveCfg = Debug|Any CPU
		{14F56971-23DA-48C9-BA24-8C8303641236}.Release|Any CPU.ActiveCfg = Release|Any CPU
	EndGlobalSection
	GlobalSection(SolutionProperties) = preSolution
		HideSolutionNode = FALSE
	EndGlobalSection
	GlobalSection(ExtensibilityGlobals) = postSolution
		SolutionGuid = {D6682E99-14DF-47D2-957E-9127EF66D8E7}
	EndGlobalSection
EndGlobal
